<?xml version="1.0" encoding="utf-8"?>
<Project ToolsVersion="4.0" xmlns="http://schemas.microsoft.com/developer/msbuild/2003">
  <ItemGroup>
    <Filter Include="Source Files">
      <UniqueIdentifier>{4FC737F1-C7A5-4376-A066-2A32D752A2FF}</UniqueIdentifier>
      <Extensions>cpp;c;cc;cxx;c++;cppm;ixx;def;odl;idl;hpj;bat;asm;asmx</Extensions>
    </Filter>
    <Filter Include="Header Files">
      <UniqueIdentifier>{93995380-89BD-4b04-88EB-625FBE52EBFB}</UniqueIdentifier>
      <Extensions>h;hh;hpp;hxx;h++;hm;inl;inc;ipp;xsd</Extensions>
    </Filter>
    <Filter Include="Resource Files">
      <UniqueIdentifier>{67DA6AB6-F800-4c08-8B7A-83BB121AAD01}</UniqueIdentifier>
      <Extensions>rc;ico;cur;bmp;dlg;rc2;rct;bin;rgs;gif;jpg;jpeg;jpe;resx;tiff;tif;png;wav;mfcribbon-ms</Extensions>
    </Filter>
    <Filter Include="Header Files\Data Structure Declaration Files">
      <UniqueIdentifier>{e90530e2-92ea-4916-b7b1-098c1e67ba09}</UniqueIdentifier>
    </Filter>
    <Filter Include="Source Files\Data Structure Definition Files">
      <UniqueIdentifier>{57086018-d233-40d7-adcd-40658f28915d}</UniqueIdentifier>
    </Filter>
    <Filter Include="Header Files\Mathematical Functions Declaration Files">
      <UniqueIdentifier>{7372b6bf-a6da-4fd3-9b66-17f020548954}</UniqueIdentifier>
    </Filter>
    <Filter Include="Source Files\Mathematical Functions Definition Files">
      <UniqueIdentifier>{e6133cf2-4056-49bd-8d91-1c729b359ae1}</UniqueIdentifier>
    </Filter>
    <Filter Include="Source Files\Test Files">
      <UniqueIdentifier>{d0920f4e-3cb7-4bcd-9f99-1c3717ff6319}</UniqueIdentifier>
    </Filter>
    <Filter Include="Header Files\Test Files Declarations">
      <UniqueIdentifier>{2f8e2d9d-6e54-4de5-a4b4-aa94c09e402e}</UniqueIdentifier>
    </Filter>
  </ItemGroup>
  <ItemGroup>
    <ClInclude Include="ec_stringfuncs.h">
      <Filter>Header Files</Filter>
    </ClInclude>
    <ClInclude Include="tree.h">
      <Filter>Header Files\Data Structure Declaration Files</Filter>
    </ClInclude>
    <ClInclude Include="doublylinkedlist.h">
      <Filter>Header Files\Data Structure Declaration Files</Filter>
    </ClInclude>
    <ClInclude Include="hashtable.h">
      <Filter>Header Files\Data Structure Declaration Files</Filter>
    </ClInclude>
    <ClInclude Include="queue.h">
      <Filter>Header Files\Data Structure Declaration Files</Filter>
    </ClInclude>
    <ClInclude Include="singlylinkedlist.h">
      <Filter>Header Files\Data Structure Declaration Files</Filter>
    </ClInclude>
    <ClInclude Include="stack.h">
      <Filter>Header Files\Data Structure Declaration Files</Filter>
    </ClInclude>
    <ClInclude Include="array_funcs.h">
      <Filter>Header Files</Filter>
    </ClInclude>
    <ClInclude Include="ec_math.h">
      <Filter>Header Files\Mathematical Functions Declaration Files</Filter>
    </ClInclude>
    <ClInclude Include="ec_geometry.h">
      <Filter>Header Files\Mathematical Functions Declaration Files</Filter>
    </ClInclude>
    <ClInclude Include="stringtests.h">
      <Filter>Header Files\Test Files Declarations</Filter>
    </ClInclude>
    <ClInclude Include="singlylinkedliststests.h">
      <Filter>Header Files\Test Files Declarations</Filter>
    </ClInclude>
    <ClInclude Include="queuetests.h">
      <Filter>Header Files\Test Files Declarations</Filter>
    </ClInclude>
    <ClInclude Include="stacktests.h">
      <Filter>Header Files\Test Files Declarations</Filter>
    </ClInclude>
    <ClInclude Include="binarytree.h">
      <Filter>Header Files\Data Structure Declaration Files</Filter>
    </ClInclude>
    <ClInclude Include="ec_mathtests.h">
      <Filter>Header Files\Test Files Declarations</Filter>
    </ClInclude>
  </ItemGroup>
  <ItemGroup>
    <ClCompile Include="main.cpp">
      <Filter>Source Files</Filter>
    </ClCompile>
    <ClCompile Include="ec_stringfuncs.cpp">
      <Filter>Source Files</Filter>
    </ClCompile>
    <ClCompile Include="tree.cpp">
      <Filter>Source Files\Data Structure Definition Files</Filter>
    </ClCompile>
    <ClCompile Include="doublylinkedlist.cpp">
      <Filter>Source Files\Data Structure Definition Files</Filter>
    </ClCompile>
    <ClCompile Include="hashtable.cpp">
      <Filter>Source Files\Data Structure Definition Files</Filter>
    </ClCompile>
    <ClCompile Include="queue.cpp">
      <Filter>Source Files\Data Structure Definition Files</Filter>
    </ClCompile>
    <ClCompile Include="singlylinkedlist.cpp">
      <Filter>Source Files\Data Structure Definition Files</Filter>
    </ClCompile>
    <ClCompile Include="stack.cpp">
      <Filter>Source Files\Data Structure Definition Files</Filter>
    </ClCompile>
    <ClCompile Include="array_funcs.cpp">
      <Filter>Source Files</Filter>
    </ClCompile>
    <ClCompile Include="ec_geometry.cpp">
      <Filter>Source Files\Mathematical Functions Definition Files</Filter>
    </ClCompile>
    <ClCompile Include="ec_math.cpp">
      <Filter>Source Files\Mathematical Functions Definition Files</Filter>
    </ClCompile>
    <ClCompile Include="stringtests.cpp">
      <Filter>Source Files\Test Files</Filter>
    </ClCompile>
    <ClCompile Include="singlylinkedliststests.cpp">
      <Filter>Source Files\Test Files</Filter>
    </ClCompile>
    <ClCompile Include="queuetests.cpp">
      <Filter>Source Files\Test Files</Filter>
    </ClCompile>
    <ClCompile Include="binarytree.cpp">
      <Filter>Source Files\Data Structure Definition Files</Filter>
    </ClCompile>
    <ClCompile Include="ec_mathtests.cpp">
      <Filter>Source Files\Test Files</Filter>
    </ClCompile>
    <ClCompile Include="stacktests.cpp">
      <Filter>Source Files\Test Files</Filter>
    </ClCompile>
  </ItemGroup>
</Project>